dependencies:
- name: postgresql
  repository: oci://registry-1.docker.io/bitnamicharts
  version: 16.4.16
- name: common
  repository: oci://registry-1.docker.io/bitnamicharts
  version: 2.30.0
digest: sha256:c199fd0d7f92bb64476b8929a7efa900f3ed08553a99b4374a0c0f644177fefe
generated: "2025-03-04T02:52:18.811542906Z"
